// !$*UTF8*$!
{
	archiveVersion = 1;
	classes = {
	};
	objectVersion = 55;
	objects = {

/* Begin PBXBuildFile section */
		051005BA13415D06D48942CB /* Pods_iKhokhaFruits.framework in Frameworks */ = {isa = PBXBuildFile; fileRef = 4DC7AF60A3F57F2F108EB621 /* Pods_iKhokhaFruits.framework */; };
		06D9EFFCBC25B037D850DF0F /* Pods_iKhokhaFruits_iKhokhaFruitsUITests.framework in Frameworks */ = {isa = PBXBuildFile; fileRef = 903A7D75CF054D0A76649753 /* Pods_iKhokhaFruits_iKhokhaFruitsUITests.framework */; };
		5B53FD9282DB67E89518E195 /* Pods_iKhokhaFruitsTests.framework in Frameworks */ = {isa = PBXBuildFile; fileRef = B27F1F0381B31C830C611923 /* Pods_iKhokhaFruitsTests.framework */; };
		CE4F9944290E6D9900E16A1C /* APAppConfigurations.swift in Sources */ = {isa = PBXBuildFile; fileRef = CE4F9943290E6D9900E16A1C /* APAppConfigurations.swift */; };
		CE4F9946290E761D00E16A1C /* APDIContainer.swift in Sources */ = {isa = PBXBuildFile; fileRef = CE4F9945290E761D00E16A1C /* APDIContainer.swift */; };
		CE4F9949290E7C1700E16A1C /* APAPIEndPoints.swift in Sources */ = {isa = PBXBuildFile; fileRef = CE4F9948290E7C1700E16A1C /* APAPIEndPoints.swift */; };
		CE4F994B290E7D4000E16A1C /* APConstants.swift in Sources */ = {isa = PBXBuildFile; fileRef = CE4F994A290E7D4000E16A1C /* APConstants.swift */; };
		CE4F994E290E7DCD00E16A1C /* APProtocols.swift in Sources */ = {isa = PBXBuildFile; fileRef = CE4F994D290E7DCD00E16A1C /* APProtocols.swift */; };
		CE4F9950290E7E0400E16A1C /* HUDLoaderProtocol.swift in Sources */ = {isa = PBXBuildFile; fileRef = CE4F994F290E7E0400E16A1C /* HUDLoaderProtocol.swift */; };
		CE4F9952290E7E2600E16A1C /* StoryboardInstantiable.swift in Sources */ = {isa = PBXBuildFile; fileRef = CE4F9951290E7E2600E16A1C /* StoryboardInstantiable.swift */; };
		CE4F9955290E7EA200E16A1C /* APBaseViewController.swift in Sources */ = {isa = PBXBuildFile; fileRef = CE4F9954290E7EA200E16A1C /* APBaseViewController.swift */; };
		CE928E7A290A847E00BA1090 /* APError.swift in Sources */ = {isa = PBXBuildFile; fileRef = CE928E79290A847E00BA1090 /* APError.swift */; };
		CE928E7F290A84B000BA1090 /* APDynamicType.swift in Sources */ = {isa = PBXBuildFile; fileRef = CE928E7C290A84AF00BA1090 /* APDynamicType.swift */; };
		CE928E80290A84B000BA1090 /* APButton.swift in Sources */ = {isa = PBXBuildFile; fileRef = CE928E7E290A84AF00BA1090 /* APButton.swift */; };
		CEB565AB2909A4F800C47028 /* AppDelegate.swift in Sources */ = {isa = PBXBuildFile; fileRef = CEB565AA2909A4F800C47028 /* AppDelegate.swift */; };
		CEB565AF2909A4F800C47028 /* ViewController.swift in Sources */ = {isa = PBXBuildFile; fileRef = CEB565AE2909A4F800C47028 /* ViewController.swift */; };
		CEB565B22909A4F800C47028 /* Main.storyboard in Resources */ = {isa = PBXBuildFile; fileRef = CEB565B02909A4F800C47028 /* Main.storyboard */; };
		CEB565B42909A4FD00C47028 /* Assets.xcassets in Resources */ = {isa = PBXBuildFile; fileRef = CEB565B32909A4FD00C47028 /* Assets.xcassets */; };
		CEB565B72909A4FD00C47028 /* LaunchScreen.storyboard in Resources */ = {isa = PBXBuildFile; fileRef = CEB565B52909A4FD00C47028 /* LaunchScreen.storyboard */; };
		CEB565C22909A4FE00C47028 /* iKhokhaFruitsTests.swift in Sources */ = {isa = PBXBuildFile; fileRef = CEB565C12909A4FE00C47028 /* iKhokhaFruitsTests.swift */; };
		CEB565CC2909A4FE00C47028 /* iKhokhaFruitsUITests.swift in Sources */ = {isa = PBXBuildFile; fileRef = CEB565CB2909A4FE00C47028 /* iKhokhaFruitsUITests.swift */; };
		CEB565CE2909A4FE00C47028 /* iKhokhaFruitsUITestsLaunchTests.swift in Sources */ = {isa = PBXBuildFile; fileRef = CEB565CD2909A4FE00C47028 /* iKhokhaFruitsUITestsLaunchTests.swift */; };
/* End PBXBuildFile section */

/* Begin PBXContainerItemProxy section */
		CEB565BE2909A4FE00C47028 /* PBXContainerItemProxy */ = {
			isa = PBXContainerItemProxy;
			containerPortal = CEB5659F2909A4F800C47028 /* Project object */;
			proxyType = 1;
			remoteGlobalIDString = CEB565A62909A4F800C47028;
			remoteInfo = iKhokhaFruits;
		};
		CEB565C82909A4FE00C47028 /* PBXContainerItemProxy */ = {
			isa = PBXContainerItemProxy;
			containerPortal = CEB5659F2909A4F800C47028 /* Project object */;
			proxyType = 1;
			remoteGlobalIDString = CEB565A62909A4F800C47028;
			remoteInfo = iKhokhaFruits;
		};
/* End PBXContainerItemProxy section */

/* Begin PBXFileReference section */
		00364957B7AC0EDAA7F259A5 /* Pods-iKhokhaFruits-iKhokhaFruitsUITests.release.xcconfig */ = {isa = PBXFileReference; includeInIndex = 1; lastKnownFileType = text.xcconfig; name = "Pods-iKhokhaFruits-iKhokhaFruitsUITests.release.xcconfig"; path = "Target Support Files/Pods-iKhokhaFruits-iKhokhaFruitsUITests/Pods-iKhokhaFruits-iKhokhaFruitsUITests.release.xcconfig"; sourceTree = "<group>"; };
		43E1EAB6A1A106B0FF6F86E8 /* Pods-iKhokhaFruitsTests.debug.xcconfig */ = {isa = PBXFileReference; includeInIndex = 1; lastKnownFileType = text.xcconfig; name = "Pods-iKhokhaFruitsTests.debug.xcconfig"; path = "Target Support Files/Pods-iKhokhaFruitsTests/Pods-iKhokhaFruitsTests.debug.xcconfig"; sourceTree = "<group>"; };
		43E207F34BFBBBFA86DDAD83 /* Pods-iKhokhaFruits.release.xcconfig */ = {isa = PBXFileReference; includeInIndex = 1; lastKnownFileType = text.xcconfig; name = "Pods-iKhokhaFruits.release.xcconfig"; path = "Target Support Files/Pods-iKhokhaFruits/Pods-iKhokhaFruits.release.xcconfig"; sourceTree = "<group>"; };
		4DC7AF60A3F57F2F108EB621 /* Pods_iKhokhaFruits.framework */ = {isa = PBXFileReference; explicitFileType = wrapper.framework; includeInIndex = 0; path = Pods_iKhokhaFruits.framework; sourceTree = BUILT_PRODUCTS_DIR; };
		903A7D75CF054D0A76649753 /* Pods_iKhokhaFruits_iKhokhaFruitsUITests.framework */ = {isa = PBXFileReference; explicitFileType = wrapper.framework; includeInIndex = 0; path = Pods_iKhokhaFruits_iKhokhaFruitsUITests.framework; sourceTree = BUILT_PRODUCTS_DIR; };
		9EF4A31708B223125E66400E /* Pods-iKhokhaFruitsTests.release.xcconfig */ = {isa = PBXFileReference; includeInIndex = 1; lastKnownFileType = text.xcconfig; name = "Pods-iKhokhaFruitsTests.release.xcconfig"; path = "Target Support Files/Pods-iKhokhaFruitsTests/Pods-iKhokhaFruitsTests.release.xcconfig"; sourceTree = "<group>"; };
		B27F1F0381B31C830C611923 /* Pods_iKhokhaFruitsTests.framework */ = {isa = PBXFileReference; explicitFileType = wrapper.framework; includeInIndex = 0; path = Pods_iKhokhaFruitsTests.framework; sourceTree = BUILT_PRODUCTS_DIR; };
		C99D089B99F758D3A9C7EE0E /* Pods-iKhokhaFruits-iKhokhaFruitsUITests.debug.xcconfig */ = {isa = PBXFileReference; includeInIndex = 1; lastKnownFileType = text.xcconfig; name = "Pods-iKhokhaFruits-iKhokhaFruitsUITests.debug.xcconfig"; path = "Target Support Files/Pods-iKhokhaFruits-iKhokhaFruitsUITests/Pods-iKhokhaFruits-iKhokhaFruitsUITests.debug.xcconfig"; sourceTree = "<group>"; };
		CE4F9943290E6D9900E16A1C /* APAppConfigurations.swift */ = {isa = PBXFileReference; lastKnownFileType = sourcecode.swift; path = APAppConfigurations.swift; sourceTree = "<group>"; };
		CE4F9945290E761D00E16A1C /* APDIContainer.swift */ = {isa = PBXFileReference; lastKnownFileType = sourcecode.swift; path = APDIContainer.swift; sourceTree = "<group>"; };
		CE4F9948290E7C1700E16A1C /* APAPIEndPoints.swift */ = {isa = PBXFileReference; lastKnownFileType = sourcecode.swift; path = APAPIEndPoints.swift; sourceTree = "<group>"; };
		CE4F994A290E7D4000E16A1C /* APConstants.swift */ = {isa = PBXFileReference; lastKnownFileType = sourcecode.swift; path = APConstants.swift; sourceTree = "<group>"; };
		CE4F994D290E7DCD00E16A1C /* APProtocols.swift */ = {isa = PBXFileReference; lastKnownFileType = sourcecode.swift; path = APProtocols.swift; sourceTree = "<group>"; };
		CE4F994F290E7E0400E16A1C /* HUDLoaderProtocol.swift */ = {isa = PBXFileReference; lastKnownFileType = sourcecode.swift; path = HUDLoaderProtocol.swift; sourceTree = "<group>"; };
		CE4F9951290E7E2600E16A1C /* StoryboardInstantiable.swift */ = {isa = PBXFileReference; lastKnownFileType = sourcecode.swift; path = StoryboardInstantiable.swift; sourceTree = "<group>"; };
		CE4F9954290E7EA200E16A1C /* APBaseViewController.swift */ = {isa = PBXFileReference; lastKnownFileType = sourcecode.swift; path = APBaseViewController.swift; sourceTree = "<group>"; };
		CE928E79290A847E00BA1090 /* APError.swift */ = {isa = PBXFileReference; lastKnownFileType = sourcecode.swift; path = APError.swift; sourceTree = "<group>"; };
		CE928E7C290A84AF00BA1090 /* APDynamicType.swift */ = {isa = PBXFileReference; fileEncoding = 4; lastKnownFileType = sourcecode.swift; path = APDynamicType.swift; sourceTree = "<group>"; };
		CE928E7E290A84AF00BA1090 /* APButton.swift */ = {isa = PBXFileReference; fileEncoding = 4; lastKnownFileType = sourcecode.swift; path = APButton.swift; sourceTree = "<group>"; };
		CEB565A72909A4F800C47028 /* iKhokhaFruits.app */ = {isa = PBXFileReference; explicitFileType = wrapper.application; includeInIndex = 0; path = iKhokhaFruits.app; sourceTree = BUILT_PRODUCTS_DIR; };
		CEB565AA2909A4F800C47028 /* AppDelegate.swift */ = {isa = PBXFileReference; lastKnownFileType = sourcecode.swift; path = AppDelegate.swift; sourceTree = "<group>"; };
		CEB565AE2909A4F800C47028 /* ViewController.swift */ = {isa = PBXFileReference; lastKnownFileType = sourcecode.swift; path = ViewController.swift; sourceTree = "<group>"; };
		CEB565B12909A4F800C47028 /* Base */ = {isa = PBXFileReference; lastKnownFileType = file.storyboard; name = Base; path = Base.lproj/Main.storyboard; sourceTree = "<group>"; };
		CEB565B32909A4FD00C47028 /* Assets.xcassets */ = {isa = PBXFileReference; lastKnownFileType = folder.assetcatalog; path = Assets.xcassets; sourceTree = "<group>"; };
		CEB565B62909A4FD00C47028 /* Base */ = {isa = PBXFileReference; lastKnownFileType = file.storyboard; name = Base; path = Base.lproj/LaunchScreen.storyboard; sourceTree = "<group>"; };
		CEB565B82909A4FD00C47028 /* Info.plist */ = {isa = PBXFileReference; lastKnownFileType = text.plist.xml; path = Info.plist; sourceTree = "<group>"; };
		CEB565BD2909A4FE00C47028 /* iKhokhaFruitsTests.xctest */ = {isa = PBXFileReference; explicitFileType = wrapper.cfbundle; includeInIndex = 0; path = iKhokhaFruitsTests.xctest; sourceTree = BUILT_PRODUCTS_DIR; };
		CEB565C12909A4FE00C47028 /* iKhokhaFruitsTests.swift */ = {isa = PBXFileReference; lastKnownFileType = sourcecode.swift; path = iKhokhaFruitsTests.swift; sourceTree = "<group>"; };
		CEB565C72909A4FE00C47028 /* iKhokhaFruitsUITests.xctest */ = {isa = PBXFileReference; explicitFileType = wrapper.cfbundle; includeInIndex = 0; path = iKhokhaFruitsUITests.xctest; sourceTree = BUILT_PRODUCTS_DIR; };
		CEB565CB2909A4FE00C47028 /* iKhokhaFruitsUITests.swift */ = {isa = PBXFileReference; lastKnownFileType = sourcecode.swift; path = iKhokhaFruitsUITests.swift; sourceTree = "<group>"; };
		CEB565CD2909A4FE00C47028 /* iKhokhaFruitsUITestsLaunchTests.swift */ = {isa = PBXFileReference; lastKnownFileType = sourcecode.swift; path = iKhokhaFruitsUITestsLaunchTests.swift; sourceTree = "<group>"; };
		FB0A27D126760B4FCE954A06 /* Pods-iKhokhaFruits.debug.xcconfig */ = {isa = PBXFileReference; includeInIndex = 1; lastKnownFileType = text.xcconfig; name = "Pods-iKhokhaFruits.debug.xcconfig"; path = "Target Support Files/Pods-iKhokhaFruits/Pods-iKhokhaFruits.debug.xcconfig"; sourceTree = "<group>"; };
/* End PBXFileReference section */

/* Begin PBXFrameworksBuildPhase section */
		CEB565A42909A4F800C47028 /* Frameworks */ = {
			isa = PBXFrameworksBuildPhase;
			buildActionMask = 2147483647;
			files = (
				051005BA13415D06D48942CB /* Pods_iKhokhaFruits.framework in Frameworks */,
			);
			runOnlyForDeploymentPostprocessing = 0;
		};
		CEB565BA2909A4FE00C47028 /* Frameworks */ = {
			isa = PBXFrameworksBuildPhase;
			buildActionMask = 2147483647;
			files = (
				5B53FD9282DB67E89518E195 /* Pods_iKhokhaFruitsTests.framework in Frameworks */,
			);
			runOnlyForDeploymentPostprocessing = 0;
		};
		CEB565C42909A4FE00C47028 /* Frameworks */ = {
			isa = PBXFrameworksBuildPhase;
			buildActionMask = 2147483647;
			files = (
				06D9EFFCBC25B037D850DF0F /* Pods_iKhokhaFruits_iKhokhaFruitsUITests.framework in Frameworks */,
			);
			runOnlyForDeploymentPostprocessing = 0;
		};
/* End PBXFrameworksBuildPhase section */

/* Begin PBXGroup section */
		65FD24E1155C3264FE18AB65 /* Frameworks */ = {
			isa = PBXGroup;
			children = (
				4DC7AF60A3F57F2F108EB621 /* Pods_iKhokhaFruits.framework */,
				903A7D75CF054D0A76649753 /* Pods_iKhokhaFruits_iKhokhaFruitsUITests.framework */,
				B27F1F0381B31C830C611923 /* Pods_iKhokhaFruitsTests.framework */,
			);
			name = Frameworks;
			sourceTree = "<group>";
		};
		BC8EC866DFE9F5F08B7B90ED /* Pods */ = {
			isa = PBXGroup;
			children = (
				FB0A27D126760B4FCE954A06 /* Pods-iKhokhaFruits.debug.xcconfig */,
				43E207F34BFBBBFA86DDAD83 /* Pods-iKhokhaFruits.release.xcconfig */,
				C99D089B99F758D3A9C7EE0E /* Pods-iKhokhaFruits-iKhokhaFruitsUITests.debug.xcconfig */,
				00364957B7AC0EDAA7F259A5 /* Pods-iKhokhaFruits-iKhokhaFruitsUITests.release.xcconfig */,
				43E1EAB6A1A106B0FF6F86E8 /* Pods-iKhokhaFruitsTests.debug.xcconfig */,
				9EF4A31708B223125E66400E /* Pods-iKhokhaFruitsTests.release.xcconfig */,
			);
			path = Pods;
			sourceTree = "<group>";
		};
		CE4F9947290E7BEF00E16A1C /* Network */ = {
			isa = PBXGroup;
			children = (
				CE4F9948290E7C1700E16A1C /* APAPIEndPoints.swift */,
			);
			path = Network;
			sourceTree = "<group>";
		};
		CE4F994C290E7D5D00E16A1C /* Protocols */ = {
			isa = PBXGroup;
			children = (
				CE4F994D290E7DCD00E16A1C /* APProtocols.swift */,
				CE4F994F290E7E0400E16A1C /* HUDLoaderProtocol.swift */,
				CE4F9951290E7E2600E16A1C /* StoryboardInstantiable.swift */,
			);
			path = Protocols;
			sourceTree = "<group>";
		};
		CE4F9953290E7E8000E16A1C /* BaseViewController */ = {
			isa = PBXGroup;
			children = (
				CE4F9954290E7EA200E16A1C /* APBaseViewController.swift */,
			);
			path = BaseViewController;
			sourceTree = "<group>";
		};
		CE928E66290A7ECD00BA1090 /* Application */ = {
			isa = PBXGroup;
			children = (
				CE928E67290A7EE200BA1090 /* AppDelegate */,
				CE928E69290A7F1600BA1090 /* AppConfiguration */,
				CE928E68290A7EEF00BA1090 /* DIContainer */,
			);
			path = Application;
			sourceTree = "<group>";
		};
		CE928E67290A7EE200BA1090 /* AppDelegate */ = {
			isa = PBXGroup;
			children = (
				CEB565AA2909A4F800C47028 /* AppDelegate.swift */,
			);
			path = AppDelegate;
			sourceTree = "<group>";
		};
		CE928E68290A7EEF00BA1090 /* DIContainer */ = {
			isa = PBXGroup;
			children = (
				CE4F9945290E761D00E16A1C /* APDIContainer.swift */,
			);
			path = DIContainer;
			sourceTree = "<group>";
		};
		CE928E69290A7F1600BA1090 /* AppConfiguration */ = {
			isa = PBXGroup;
			children = (
				CE4F9943290E6D9900E16A1C /* APAppConfigurations.swift */,
			);
			path = AppConfiguration;
			sourceTree = "<group>";
		};
		CE928E6A290A7F4100BA1090 /* Data */ = {
			isa = PBXGroup;
			children = (
				CE4F9947290E7BEF00E16A1C /* Network */,
			);
			path = Data;
			sourceTree = "<group>";
		};
		CE928E6B290A7F4D00BA1090 /* Storyboard */ = {
			isa = PBXGroup;
			children = (
			);
			path = Storyboard;
			sourceTree = "<group>";
		};
		CE928E6C290A7F5C00BA1090 /* Resources */ = {
			isa = PBXGroup;
			children = (
			);
			path = Resources;
			sourceTree = "<group>";
		};
		CE928E6D290A7F6D00BA1090 /* CustomTypes */ = {
			isa = PBXGroup;
			children = (
				CE928E7D290A84AF00BA1090 /* CustomButton */,
				CE928E7B290A84AF00BA1090 /* DynamicType */,
				CE928E78290A846B00BA1090 /* APError */,
			);
			path = CustomTypes;
			sourceTree = "<group>";
		};
		CE928E6E290A7F7D00BA1090 /* CustomViews */ = {
			isa = PBXGroup;
			children = (
			);
			path = CustomViews;
			sourceTree = "<group>";
		};
		CE928E6F290A7F8D00BA1090 /* PresentationModules */ = {
			isa = PBXGroup;
			children = (
				CE4F9953290E7E8000E16A1C /* BaseViewController */,
			);
			path = PresentationModules;
			sourceTree = "<group>";
		};
		CE928E70290A7FA200BA1090 /* Business */ = {
			isa = PBXGroup;
			children = (
			);
			path = Business;
			sourceTree = "<group>";
		};
		CE928E71290A7FB500BA1090 /* Domain */ = {
			isa = PBXGroup;
			children = (
				CE928E72290A7FBC00BA1090 /* Models */,
			);
			path = Domain;
			sourceTree = "<group>";
		};
		CE928E72290A7FBC00BA1090 /* Models */ = {
			isa = PBXGroup;
			children = (
			);
			path = Models;
			sourceTree = "<group>";
		};
		CE928E73290A7FF300BA1090 /* Infrastructure */ = {
			isa = PBXGroup;
			children = (
				CE928E74290A800600BA1090 /* Network */,
			);
			path = Infrastructure;
			sourceTree = "<group>";
		};
		CE928E74290A800600BA1090 /* Network */ = {
			isa = PBXGroup;
			children = (
			);
			path = Network;
			sourceTree = "<group>";
		};
		CE928E75290A801400BA1090 /* Common */ = {
			isa = PBXGroup;
			children = (
				CE928E76290A801E00BA1090 /* Extensions */,
			);
			path = Common;
			sourceTree = "<group>";
		};
		CE928E76290A801E00BA1090 /* Extensions */ = {
			isa = PBXGroup;
			children = (
			);
			path = Extensions;
			sourceTree = "<group>";
		};
		CE928E77290A802D00BA1090 /* Utils */ = {
			isa = PBXGroup;
			children = (
				CE4F994A290E7D4000E16A1C /* APConstants.swift */,
				CE4F994C290E7D5D00E16A1C /* Protocols */,
			);
			path = Utils;
			sourceTree = "<group>";
		};
		CE928E78290A846B00BA1090 /* APError */ = {
			isa = PBXGroup;
			children = (
				CE928E79290A847E00BA1090 /* APError.swift */,
			);
			path = APError;
			sourceTree = "<group>";
		};
		CE928E7B290A84AF00BA1090 /* DynamicType */ = {
			isa = PBXGroup;
			children = (
				CE928E7C290A84AF00BA1090 /* APDynamicType.swift */,
			);
			path = DynamicType;
			sourceTree = "<group>";
		};
		CE928E7D290A84AF00BA1090 /* CustomButton */ = {
			isa = PBXGroup;
			children = (
				CE928E7E290A84AF00BA1090 /* APButton.swift */,
			);
			path = CustomButton;
			sourceTree = "<group>";
		};
		CEB5659E2909A4F800C47028 = {
			isa = PBXGroup;
			children = (
				CEB565A92909A4F800C47028 /* iKhokhaFruits */,
				CEB565C02909A4FE00C47028 /* iKhokhaFruitsTests */,
				CEB565CA2909A4FE00C47028 /* iKhokhaFruitsUITests */,
				CEB565A82909A4F800C47028 /* Products */,
				BC8EC866DFE9F5F08B7B90ED /* Pods */,
				65FD24E1155C3264FE18AB65 /* Frameworks */,
			);
			sourceTree = "<group>";
		};
		CEB565A82909A4F800C47028 /* Products */ = {
			isa = PBXGroup;
			children = (
				CEB565A72909A4F800C47028 /* iKhokhaFruits.app */,
				CEB565BD2909A4FE00C47028 /* iKhokhaFruitsTests.xctest */,
				CEB565C72909A4FE00C47028 /* iKhokhaFruitsUITests.xctest */,
			);
			name = Products;
			sourceTree = "<group>";
		};
		CEB565A92909A4F800C47028 /* iKhokhaFruits */ = {
			isa = PBXGroup;
			children = (
				CE928E66290A7ECD00BA1090 /* Application */,
				CE928E6A290A7F4100BA1090 /* Data */,
				CE928E77290A802D00BA1090 /* Utils */,
				CE928E75290A801400BA1090 /* Common */,
				CE928E73290A7FF300BA1090 /* Infrastructure */,
				CE928E71290A7FB500BA1090 /* Domain */,
				CE928E70290A7FA200BA1090 /* Business */,
				CE928E6F290A7F8D00BA1090 /* PresentationModules */,
				CE928E6E290A7F7D00BA1090 /* CustomViews */,
				CE928E6D290A7F6D00BA1090 /* CustomTypes */,
				CE928E6C290A7F5C00BA1090 /* Resources */,
				CE928E6B290A7F4D00BA1090 /* Storyboard */,
				CEB565AE2909A4F800C47028 /* ViewController.swift */,
				CEB565B02909A4F800C47028 /* Main.storyboard */,
				CEB565B32909A4FD00C47028 /* Assets.xcassets */,
				CEB565B52909A4FD00C47028 /* LaunchScreen.storyboard */,
				CEB565B82909A4FD00C47028 /* Info.plist */,
			);
			path = iKhokhaFruits;
			sourceTree = "<group>";
		};
		CEB565C02909A4FE00C47028 /* iKhokhaFruitsTests */ = {
			isa = PBXGroup;
			children = (
				CEB565C12909A4FE00C47028 /* iKhokhaFruitsTests.swift */,
			);
			path = iKhokhaFruitsTests;
			sourceTree = "<group>";
		};
		CEB565CA2909A4FE00C47028 /* iKhokhaFruitsUITests */ = {
			isa = PBXGroup;
			children = (
				CEB565CB2909A4FE00C47028 /* iKhokhaFruitsUITests.swift */,
				CEB565CD2909A4FE00C47028 /* iKhokhaFruitsUITestsLaunchTests.swift */,
			);
			path = iKhokhaFruitsUITests;
			sourceTree = "<group>";
		};
/* End PBXGroup section */

/* Begin PBXNativeTarget section */
		CEB565A62909A4F800C47028 /* iKhokhaFruits */ = {
			isa = PBXNativeTarget;
			buildConfigurationList = CEB565D12909A4FE00C47028 /* Build configuration list for PBXNativeTarget "iKhokhaFruits" */;
			buildPhases = (
				6E277C582E1D99B84BEE5076 /* [CP] Check Pods Manifest.lock */,
				CEB565A32909A4F800C47028 /* Sources */,
				CEB565A42909A4F800C47028 /* Frameworks */,
				CEB565A52909A4F800C47028 /* Resources */,
				F2EF7B8C9897A7F3F11BAB12 /* [CP] Embed Pods Frameworks */,
			);
			buildRules = (
			);
			dependencies = (
			);
			name = iKhokhaFruits;
			productName = iKhokhaFruits;
			productReference = CEB565A72909A4F800C47028 /* iKhokhaFruits.app */;
			productType = "com.apple.product-type.application";
		};
		CEB565BC2909A4FE00C47028 /* iKhokhaFruitsTests */ = {
			isa = PBXNativeTarget;
			buildConfigurationList = CEB565D42909A4FE00C47028 /* Build configuration list for PBXNativeTarget "iKhokhaFruitsTests" */;
			buildPhases = (
				BD1B9299E087F73588383B66 /* [CP] Check Pods Manifest.lock */,
				CEB565B92909A4FE00C47028 /* Sources */,
				CEB565BA2909A4FE00C47028 /* Frameworks */,
				CEB565BB2909A4FE00C47028 /* Resources */,
			);
			buildRules = (
			);
			dependencies = (
				CEB565BF2909A4FE00C47028 /* PBXTargetDependency */,
			);
			name = iKhokhaFruitsTests;
			productName = iKhokhaFruitsTests;
			productReference = CEB565BD2909A4FE00C47028 /* iKhokhaFruitsTests.xctest */;
			productType = "com.apple.product-type.bundle.unit-test";
		};
		CEB565C62909A4FE00C47028 /* iKhokhaFruitsUITests */ = {
			isa = PBXNativeTarget;
			buildConfigurationList = CEB565D72909A4FE00C47028 /* Build configuration list for PBXNativeTarget "iKhokhaFruitsUITests" */;
			buildPhases = (
				03203556CEF5A36059E092FF /* [CP] Check Pods Manifest.lock */,
				CEB565C32909A4FE00C47028 /* Sources */,
				CEB565C42909A4FE00C47028 /* Frameworks */,
				CEB565C52909A4FE00C47028 /* Resources */,
				17994066C8DBAAE2C2F139CF /* [CP] Embed Pods Frameworks */,
			);
			buildRules = (
			);
			dependencies = (
				CEB565C92909A4FE00C47028 /* PBXTargetDependency */,
			);
			name = iKhokhaFruitsUITests;
			productName = iKhokhaFruitsUITests;
			productReference = CEB565C72909A4FE00C47028 /* iKhokhaFruitsUITests.xctest */;
			productType = "com.apple.product-type.bundle.ui-testing";
		};
/* End PBXNativeTarget section */

/* Begin PBXProject section */
		CEB5659F2909A4F800C47028 /* Project object */ = {
			isa = PBXProject;
			attributes = {
				BuildIndependentTargetsInParallel = 1;
				CLASSPREFIX = AP;
				LastSwiftUpdateCheck = 1400;
				LastUpgradeCheck = 1400;
				ORGANIZATIONNAME = iKhokha;
				TargetAttributes = {
					CEB565A62909A4F800C47028 = {
						CreatedOnToolsVersion = 14.0.1;
					};
					CEB565BC2909A4FE00C47028 = {
						CreatedOnToolsVersion = 14.0.1;
						TestTargetID = CEB565A62909A4F800C47028;
					};
					CEB565C62909A4FE00C47028 = {
						CreatedOnToolsVersion = 14.0.1;
						TestTargetID = CEB565A62909A4F800C47028;
					};
				};
			};
			buildConfigurationList = CEB565A22909A4F800C47028 /* Build configuration list for PBXProject "iKhokhaFruits" */;
			compatibilityVersion = "Xcode 13.0";
			developmentRegion = en;
			hasScannedForEncodings = 0;
			knownRegions = (
				en,
				Base,
			);
			mainGroup = CEB5659E2909A4F800C47028;
			productRefGroup = CEB565A82909A4F800C47028 /* Products */;
			projectDirPath = "";
			projectRoot = "";
			targets = (
				CEB565A62909A4F800C47028 /* iKhokhaFruits */,
				CEB565BC2909A4FE00C47028 /* iKhokhaFruitsTests */,
				CEB565C62909A4FE00C47028 /* iKhokhaFruitsUITests */,
			);
		};
/* End PBXProject section */

/* Begin PBXResourcesBuildPhase section */
		CEB565A52909A4F800C47028 /* Resources */ = {
			isa = PBXResourcesBuildPhase;
			buildActionMask = 2147483647;
			files = (
				CEB565B72909A4FD00C47028 /* LaunchScreen.storyboard in Resources */,
				CEB565B42909A4FD00C47028 /* Assets.xcassets in Resources */,
				CEB565B22909A4F800C47028 /* Main.storyboard in Resources */,
			);
			runOnlyForDeploymentPostprocessing = 0;
		};
		CEB565BB2909A4FE00C47028 /* Resources */ = {
			isa = PBXResourcesBuildPhase;
			buildActionMask = 2147483647;
			files = (
			);
			runOnlyForDeploymentPostprocessing = 0;
		};
		CEB565C52909A4FE00C47028 /* Resources */ = {
			isa = PBXResourcesBuildPhase;
			buildActionMask = 2147483647;
			files = (
			);
			runOnlyForDeploymentPostprocessing = 0;
		};
/* End PBXResourcesBuildPhase section */

/* Begin PBXShellScriptBuildPhase section */
		03203556CEF5A36059E092FF /* [CP] Check Pods Manifest.lock */ = {
			isa = PBXShellScriptBuildPhase;
			buildActionMask = 2147483647;
			files = (
			);
			inputFileListPaths = (
			);
			inputPaths = (
				"${PODS_PODFILE_DIR_PATH}/Podfile.lock",
				"${PODS_ROOT}/Manifest.lock",
			);
			name = "[CP] Check Pods Manifest.lock";
			outputFileListPaths = (
			);
			outputPaths = (
				"$(DERIVED_FILE_DIR)/Pods-iKhokhaFruits-iKhokhaFruitsUITests-checkManifestLockResult.txt",
			);
			runOnlyForDeploymentPostprocessing = 0;
			shellPath = /bin/sh;
			shellScript = "diff \"${PODS_PODFILE_DIR_PATH}/Podfile.lock\" \"${PODS_ROOT}/Manifest.lock\" > /dev/null\nif [ $? != 0 ] ; then\n    # print error to STDERR\n    echo \"error: The sandbox is not in sync with the Podfile.lock. Run 'pod install' or update your CocoaPods installation.\" >&2\n    exit 1\nfi\n# This output is used by Xcode 'outputs' to avoid re-running this script phase.\necho \"SUCCESS\" > \"${SCRIPT_OUTPUT_FILE_0}\"\n";
			showEnvVarsInLog = 0;
		};
		17994066C8DBAAE2C2F139CF /* [CP] Embed Pods Frameworks */ = {
			isa = PBXShellScriptBuildPhase;
			buildActionMask = 2147483647;
			files = (
			);
			inputFileListPaths = (
				"${PODS_ROOT}/Target Support Files/Pods-iKhokhaFruits-iKhokhaFruitsUITests/Pods-iKhokhaFruits-iKhokhaFruitsUITests-frameworks-${CONFIGURATION}-input-files.xcfilelist",
			);
			name = "[CP] Embed Pods Frameworks";
			outputFileListPaths = (
				"${PODS_ROOT}/Target Support Files/Pods-iKhokhaFruits-iKhokhaFruitsUITests/Pods-iKhokhaFruits-iKhokhaFruitsUITests-frameworks-${CONFIGURATION}-output-files.xcfilelist",
			);
			runOnlyForDeploymentPostprocessing = 0;
			shellPath = /bin/sh;
			shellScript = "\"${PODS_ROOT}/Target Support Files/Pods-iKhokhaFruits-iKhokhaFruitsUITests/Pods-iKhokhaFruits-iKhokhaFruitsUITests-frameworks.sh\"\n";
			showEnvVarsInLog = 0;
		};
		6E277C582E1D99B84BEE5076 /* [CP] Check Pods Manifest.lock */ = {
			isa = PBXShellScriptBuildPhase;
			buildActionMask = 2147483647;
			files = (
			);
			inputFileListPaths = (
			);
			inputPaths = (
				"${PODS_PODFILE_DIR_PATH}/Podfile.lock",
				"${PODS_ROOT}/Manifest.lock",
			);
			name = "[CP] Check Pods Manifest.lock";
			outputFileListPaths = (
			);
			outputPaths = (
				"$(DERIVED_FILE_DIR)/Pods-iKhokhaFruits-checkManifestLockResult.txt",
			);
			runOnlyForDeploymentPostprocessing = 0;
			shellPath = /bin/sh;
			shellScript = "diff \"${PODS_PODFILE_DIR_PATH}/Podfile.lock\" \"${PODS_ROOT}/Manifest.lock\" > /dev/null\nif [ $? != 0 ] ; then\n    # print error to STDERR\n    echo \"error: The sandbox is not in sync with the Podfile.lock. Run 'pod install' or update your CocoaPods installation.\" >&2\n    exit 1\nfi\n# This output is used by Xcode 'outputs' to avoid re-running this script phase.\necho \"SUCCESS\" > \"${SCRIPT_OUTPUT_FILE_0}\"\n";
			showEnvVarsInLog = 0;
		};
		BD1B9299E087F73588383B66 /* [CP] Check Pods Manifest.lock */ = {
			isa = PBXShellScriptBuildPhase;
			buildActionMask = 2147483647;
			files = (
			);
			inputFileListPaths = (
			);
			inputPaths = (
				"${PODS_PODFILE_DIR_PATH}/Podfile.lock",
				"${PODS_ROOT}/Manifest.lock",
			);
			name = "[CP] Check Pods Manifest.lock";
			outputFileListPaths = (
			);
			outputPaths = (
				"$(DERIVED_FILE_DIR)/Pods-iKhokhaFruitsTests-checkManifestLockResult.txt",
			);
			runOnlyForDeploymentPostprocessing = 0;
			shellPath = /bin/sh;
			shellScript = "diff \"${PODS_PODFILE_DIR_PATH}/Podfile.lock\" \"${PODS_ROOT}/Manifest.lock\" > /dev/null\nif [ $? != 0 ] ; then\n    # print error to STDERR\n    echo \"error: The sandbox is not in sync with the Podfile.lock. Run 'pod install' or update your CocoaPods installation.\" >&2\n    exit 1\nfi\n# This output is used by Xcode 'outputs' to avoid re-running this script phase.\necho \"SUCCESS\" > \"${SCRIPT_OUTPUT_FILE_0}\"\n";
			showEnvVarsInLog = 0;
		};
		F2EF7B8C9897A7F3F11BAB12 /* [CP] Embed Pods Frameworks */ = {
			isa = PBXShellScriptBuildPhase;
			buildActionMask = 2147483647;
			files = (
			);
			inputFileListPaths = (
				"${PODS_ROOT}/Target Support Files/Pods-iKhokhaFruits/Pods-iKhokhaFruits-frameworks-${CONFIGURATION}-input-files.xcfilelist",
			);
			name = "[CP] Embed Pods Frameworks";
			outputFileListPaths = (
				"${PODS_ROOT}/Target Support Files/Pods-iKhokhaFruits/Pods-iKhokhaFruits-frameworks-${CONFIGURATION}-output-files.xcfilelist",
			);
			runOnlyForDeploymentPostprocessing = 0;
			shellPath = /bin/sh;
			shellScript = "\"${PODS_ROOT}/Target Support Files/Pods-iKhokhaFruits/Pods-iKhokhaFruits-frameworks.sh\"\n";
			showEnvVarsInLog = 0;
		};
/* End PBXShellScriptBuildPhase section */

/* Begin PBXSourcesBuildPhase section */
		CEB565A32909A4F800C47028 /* Sources */ = {
			isa = PBXSourcesBuildPhase;
			buildActionMask = 2147483647;
			files = (
				CEB565AF2909A4F800C47028 /* ViewController.swift in Sources */,
				CE4F9950290E7E0400E16A1C /* HUDLoaderProtocol.swift in Sources */,
				CE4F994B290E7D4000E16A1C /* APConstants.swift in Sources */,
				CE928E7A290A847E00BA1090 /* APError.swift in Sources */,
				CE928E7F290A84B000BA1090 /* APDynamicType.swift in Sources */,
				CE4F9944290E6D9900E16A1C /* APAppConfigurations.swift in Sources */,
				CE4F9955290E7EA200E16A1C /* APBaseViewController.swift in Sources */,
				CE4F9946290E761D00E16A1C /* APDIContainer.swift in Sources */,
				CE928E80290A84B000BA1090 /* APButton.swift in Sources */,
				CE4F9949290E7C1700E16A1C /* APAPIEndPoints.swift in Sources */,
				CE4F994E290E7DCD00E16A1C /* APProtocols.swift in Sources */,
				CE4F9952290E7E2600E16A1C /* StoryboardInstantiable.swift in Sources */,
				CEB565AB2909A4F800C47028 /* AppDelegate.swift in Sources */,
			);
			runOnlyForDeploymentPostprocessing = 0;
		};
		CEB565B92909A4FE00C47028 /* Sources */ = {
			isa = PBXSourcesBuildPhase;
			buildActionMask = 2147483647;
			files = (
				CEB565C22909A4FE00C47028 /* iKhokhaFruitsTests.swift in Sources */,
			);
			runOnlyForDeploymentPostprocessing = 0;
		};
		CEB565C32909A4FE00C47028 /* Sources */ = {
			isa = PBXSourcesBuildPhase;
			buildActionMask = 2147483647;
			files = (
				CEB565CC2909A4FE00C47028 /* iKhokhaFruitsUITests.swift in Sources */,
				CEB565CE2909A4FE00C47028 /* iKhokhaFruitsUITestsLaunchTests.swift in Sources */,
			);
			runOnlyForDeploymentPostprocessing = 0;
		};
/* End PBXSourcesBuildPhase section */

/* Begin PBXTargetDependency section */
		CEB565BF2909A4FE00C47028 /* PBXTargetDependency */ = {
			isa = PBXTargetDependency;
			target = CEB565A62909A4F800C47028 /* iKhokhaFruits */;
			targetProxy = CEB565BE2909A4FE00C47028 /* PBXContainerItemProxy */;
		};
		CEB565C92909A4FE00C47028 /* PBXTargetDependency */ = {
			isa = PBXTargetDependency;
			target = CEB565A62909A4F800C47028 /* iKhokhaFruits */;
			targetProxy = CEB565C82909A4FE00C47028 /* PBXContainerItemProxy */;
		};
/* End PBXTargetDependency section */

/* Begin PBXVariantGroup section */
		CEB565B02909A4F800C47028 /* Main.storyboard */ = {
			isa = PBXVariantGroup;
			children = (
				CEB565B12909A4F800C47028 /* Base */,
			);
			name = Main.storyboard;
			sourceTree = "<group>";
		};
		CEB565B52909A4FD00C47028 /* LaunchScreen.storyboard */ = {
			isa = PBXVariantGroup;
			children = (
				CEB565B62909A4FD00C47028 /* Base */,
			);
			name = LaunchScreen.storyboard;
			sourceTree = "<group>";
		};
/* End PBXVariantGroup section */

/* Begin XCBuildConfiguration section */
		CEB565CF2909A4FE00C47028 /* Debug */ = {
			isa = XCBuildConfiguration;
			buildSettings = {
				ALWAYS_SEARCH_USER_PATHS = NO;
				CLANG_ANALYZER_NONNULL = YES;
				CLANG_ANALYZER_NUMBER_OBJECT_CONVERSION = YES_AGGRESSIVE;
				CLANG_CXX_LANGUAGE_STANDARD = "gnu++20";
				CLANG_ENABLE_MODULES = YES;
				CLANG_ENABLE_OBJC_ARC = YES;
				CLANG_ENABLE_OBJC_WEAK = YES;
				CLANG_WARN_BLOCK_CAPTURE_AUTORELEASING = YES;
				CLANG_WARN_BOOL_CONVERSION = YES;
				CLANG_WARN_COMMA = YES;
				CLANG_WARN_CONSTANT_CONVERSION = YES;
				CLANG_WARN_DEPRECATED_OBJC_IMPLEMENTATIONS = YES;
				CLANG_WARN_DIRECT_OBJC_ISA_USAGE = YES_ERROR;
				CLANG_WARN_DOCUMENTATION_COMMENTS = YES;
				CLANG_WARN_EMPTY_BODY = YES;
				CLANG_WARN_ENUM_CONVERSION = YES;
				CLANG_WARN_INFINITE_RECURSION = YES;
				CLANG_WARN_INT_CONVERSION = YES;
				CLANG_WARN_NON_LITERAL_NULL_CONVERSION = YES;
				CLANG_WARN_OBJC_IMPLICIT_RETAIN_SELF = YES;
				CLANG_WARN_OBJC_LITERAL_CONVERSION = YES;
				CLANG_WARN_OBJC_ROOT_CLASS = YES_ERROR;
				CLANG_WARN_QUOTED_INCLUDE_IN_FRAMEWORK_HEADER = YES;
				CLANG_WARN_RANGE_LOOP_ANALYSIS = YES;
				CLANG_WARN_STRICT_PROTOTYPES = YES;
				CLANG_WARN_SUSPICIOUS_MOVE = YES;
				CLANG_WARN_UNGUARDED_AVAILABILITY = YES_AGGRESSIVE;
				CLANG_WARN_UNREACHABLE_CODE = YES;
				CLANG_WARN__DUPLICATE_METHOD_MATCH = YES;
				COPY_PHASE_STRIP = NO;
				DEBUG_INFORMATION_FORMAT = dwarf;
				ENABLE_STRICT_OBJC_MSGSEND = YES;
				ENABLE_TESTABILITY = YES;
				GCC_C_LANGUAGE_STANDARD = gnu11;
				GCC_DYNAMIC_NO_PIC = NO;
				GCC_NO_COMMON_BLOCKS = YES;
				GCC_OPTIMIZATION_LEVEL = 0;
				GCC_PREPROCESSOR_DEFINITIONS = (
					"DEBUG=1",
					"$(inherited)",
				);
				GCC_WARN_64_TO_32_BIT_CONVERSION = YES;
				GCC_WARN_ABOUT_RETURN_TYPE = YES_ERROR;
				GCC_WARN_UNDECLARED_SELECTOR = YES;
				GCC_WARN_UNINITIALIZED_AUTOS = YES_AGGRESSIVE;
				GCC_WARN_UNUSED_FUNCTION = YES;
				GCC_WARN_UNUSED_VARIABLE = YES;
				IPHONEOS_DEPLOYMENT_TARGET = 16.0;
				MTL_ENABLE_DEBUG_INFO = INCLUDE_SOURCE;
				MTL_FAST_MATH = YES;
				ONLY_ACTIVE_ARCH = YES;
				SDKROOT = iphoneos;
				SWIFT_ACTIVE_COMPILATION_CONDITIONS = DEBUG;
				SWIFT_OPTIMIZATION_LEVEL = "-Onone";
			};
			name = Debug;
		};
		CEB565D02909A4FE00C47028 /* Release */ = {
			isa = XCBuildConfiguration;
			buildSettings = {
				ALWAYS_SEARCH_USER_PATHS = NO;
				CLANG_ANALYZER_NONNULL = YES;
				CLANG_ANALYZER_NUMBER_OBJECT_CONVERSION = YES_AGGRESSIVE;
				CLANG_CXX_LANGUAGE_STANDARD = "gnu++20";
				CLANG_ENABLE_MODULES = YES;
				CLANG_ENABLE_OBJC_ARC = YES;
				CLANG_ENABLE_OBJC_WEAK = YES;
				CLANG_WARN_BLOCK_CAPTURE_AUTORELEASING = YES;
				CLANG_WARN_BOOL_CONVERSION = YES;
				CLANG_WARN_COMMA = YES;
				CLANG_WARN_CONSTANT_CONVERSION = YES;
				CLANG_WARN_DEPRECATED_OBJC_IMPLEMENTATIONS = YES;
				CLANG_WARN_DIRECT_OBJC_ISA_USAGE = YES_ERROR;
				CLANG_WARN_DOCUMENTATION_COMMENTS = YES;
				CLANG_WARN_EMPTY_BODY = YES;
				CLANG_WARN_ENUM_CONVERSION = YES;
				CLANG_WARN_INFINITE_RECURSION = YES;
				CLANG_WARN_INT_CONVERSION = YES;
				CLANG_WARN_NON_LITERAL_NULL_CONVERSION = YES;
				CLANG_WARN_OBJC_IMPLICIT_RETAIN_SELF = YES;
				CLANG_WARN_OBJC_LITERAL_CONVERSION = YES;
				CLANG_WARN_OBJC_ROOT_CLASS = YES_ERROR;
				CLANG_WARN_QUOTED_INCLUDE_IN_FRAMEWORK_HEADER = YES;
				CLANG_WARN_RANGE_LOOP_ANALYSIS = YES;
				CLANG_WARN_STRICT_PROTOTYPES = YES;
				CLANG_WARN_SUSPICIOUS_MOVE = YES;
				CLANG_WARN_UNGUARDED_AVAILABILITY = YES_AGGRESSIVE;
				CLANG_WARN_UNREACHABLE_CODE = YES;
				CLANG_WARN__DUPLICATE_METHOD_MATCH = YES;
				COPY_PHASE_STRIP = NO;
				DEBUG_INFORMATION_FORMAT = "dwarf-with-dsym";
				ENABLE_NS_ASSERTIONS = NO;
				ENABLE_STRICT_OBJC_MSGSEND = YES;
				GCC_C_LANGUAGE_STANDARD = gnu11;
				GCC_NO_COMMON_BLOCKS = YES;
				GCC_WARN_64_TO_32_BIT_CONVERSION = YES;
				GCC_WARN_ABOUT_RETURN_TYPE = YES_ERROR;
				GCC_WARN_UNDECLARED_SELECTOR = YES;
				GCC_WARN_UNINITIALIZED_AUTOS = YES_AGGRESSIVE;
				GCC_WARN_UNUSED_FUNCTION = YES;
				GCC_WARN_UNUSED_VARIABLE = YES;
				IPHONEOS_DEPLOYMENT_TARGET = 16.0;
				MTL_ENABLE_DEBUG_INFO = NO;
				MTL_FAST_MATH = YES;
				SDKROOT = iphoneos;
				SWIFT_COMPILATION_MODE = wholemodule;
				SWIFT_OPTIMIZATION_LEVEL = "-O";
				VALIDATE_PRODUCT = YES;
			};
			name = Release;
		};
		CEB565D22909A4FE00C47028 /* Debug */ = {
			isa = XCBuildConfiguration;
			baseConfigurationReference = FB0A27D126760B4FCE954A06 /* Pods-iKhokhaFruits.debug.xcconfig */;
			buildSettings = {
				API_PRODUCTS_IMAGES_URL = "gs://the-busy-shop.appspot.com";
				API_PRODUCTS_URL = "https://the-busy-shop.firebaseio.com/";
				ASSETCATALOG_COMPILER_APPICON_NAME = AppIcon;
				ASSETCATALOG_COMPILER_GLOBAL_ACCENT_COLOR_NAME = AccentColor;
				CODE_SIGN_STYLE = Automatic;
				CURRENT_PROJECT_VERSION = 1;
				DEVELOPMENT_TEAM = QF8UV7G7B5;
				GENERATE_INFOPLIST_FILE = YES;
				INFOPLIST_FILE = iKhokhaFruits/Info.plist;
				INFOPLIST_KEY_UIApplicationSupportsIndirectInputEvents = YES;
				INFOPLIST_KEY_UILaunchStoryboardName = LaunchScreen;
				INFOPLIST_KEY_UIMainStoryboardFile = Main;
				INFOPLIST_KEY_UISupportedInterfaceOrientations_iPad = "UIInterfaceOrientationPortrait UIInterfaceOrientationPortraitUpsideDown UIInterfaceOrientationLandscapeLeft UIInterfaceOrientationLandscapeRight";
				INFOPLIST_KEY_UISupportedInterfaceOrientations_iPhone = "UIInterfaceOrientationPortrait UIInterfaceOrientationLandscapeLeft UIInterfaceOrientationLandscapeRight";
				IPHONEOS_DEPLOYMENT_TARGET = 15.0;
				LD_RUNPATH_SEARCH_PATHS = (
					"$(inherited)",
					"@executable_path/Frameworks",
				);
				MARKETING_VERSION = 1.0;
				PRODUCT_BUNDLE_IDENTIFIER = iKhokha.iKhokhaFruits;
				PRODUCT_NAME = "$(TARGET_NAME)";
				SWIFT_EMIT_LOC_STRINGS = YES;
				SWIFT_VERSION = 5.0;
				TARGETED_DEVICE_FAMILY = "1,2";
			};
			name = Debug;
		};
		CEB565D32909A4FE00C47028 /* Release */ = {
			isa = XCBuildConfiguration;
			baseConfigurationReference = 43E207F34BFBBBFA86DDAD83 /* Pods-iKhokhaFruits.release.xcconfig */;
			buildSettings = {
				API_PRODUCTS_IMAGES_URL = "gs://the-busy-shop.appspot.com";
				API_PRODUCTS_URL = "https://the-busy-shop.firebaseio.com/";
				ASSETCATALOG_COMPILER_APPICON_NAME = AppIcon;
				ASSETCATALOG_COMPILER_GLOBAL_ACCENT_COLOR_NAME = AccentColor;
				CODE_SIGN_STYLE = Automatic;
				CURRENT_PROJECT_VERSION = 1;
				DEVELOPMENT_TEAM = QF8UV7G7B5;
				GENERATE_INFOPLIST_FILE = YES;
				INFOPLIST_FILE = iKhokhaFruits/Info.plist;
				INFOPLIST_KEY_UIApplicationSupportsIndirectInputEvents = YES;
				INFOPLIST_KEY_UILaunchStoryboardName = LaunchScreen;
				INFOPLIST_KEY_UIMainStoryboardFile = Main;
				INFOPLIST_KEY_UISupportedInterfaceOrientations_iPad = "UIInterfaceOrientationPortrait UIInterfaceOrientationPortraitUpsideDown UIInterfaceOrientationLandscapeLeft UIInterfaceOrientationLandscapeRight";
				INFOPLIST_KEY_UISupportedInterfaceOrientations_iPhone = "UIInterfaceOrientationPortrait UIInterfaceOrientationLandscapeLeft UIInterfaceOrientationLandscapeRight";
				IPHONEOS_DEPLOYMENT_TARGET = 15.0;
				LD_RUNPATH_SEARCH_PATHS = (
					"$(inherited)",
					"@executable_path/Frameworks",
				);
				MARKETING_VERSION = 1.0;
				PRODUCT_BUNDLE_IDENTIFIER = iKhokha.iKhokhaFruits;
				PRODUCT_NAME = "$(TARGET_NAME)";
				SWIFT_EMIT_LOC_STRINGS = YES;
				SWIFT_VERSION = 5.0;
				TARGETED_DEVICE_FAMILY = "1,2";
			};
			name = Release;
		};
		CEB565D52909A4FE00C47028 /* Debug */ = {
			isa = XCBuildConfiguration;
			baseConfigurationReference = 43E1EAB6A1A106B0FF6F86E8 /* Pods-iKhokhaFruitsTests.debug.xcconfig */;
			buildSettings = {
				ALWAYS_EMBED_SWIFT_STANDARD_LIBRARIES = YES;
				BUNDLE_LOADER = "$(TEST_HOST)";
				CODE_SIGN_STYLE = Automatic;
				CURRENT_PROJECT_VERSION = 1;
				DEVELOPMENT_TEAM = QF8UV7G7B5;
				GENERATE_INFOPLIST_FILE = YES;
				IPHONEOS_DEPLOYMENT_TARGET = 16.0;
				MARKETING_VERSION = 1.0;
				PRODUCT_BUNDLE_IDENTIFIER = iKhokha.iKhokhaFruitsTests;
				PRODUCT_NAME = "$(TARGET_NAME)";
				SWIFT_EMIT_LOC_STRINGS = NO;
				SWIFT_VERSION = 5.0;
				TARGETED_DEVICE_FAMILY = "1,2";
				TEST_HOST = "$(BUILT_PRODUCTS_DIR)/iKhokhaFruits.app/$(BUNDLE_EXECUTABLE_FOLDER_PATH)/iKhokhaFruits";
			};
			name = Debug;
		};
		CEB565D62909A4FE00C47028 /* Release */ = {
			isa = XCBuildConfiguration;
			baseConfigurationReference = 9EF4A31708B223125E66400E /* Pods-iKhokhaFruitsTests.release.xcconfig */;
			buildSettings = {
				ALWAYS_EMBED_SWIFT_STANDARD_LIBRARIES = YES;
				BUNDLE_LOADER = "$(TEST_HOST)";
				CODE_SIGN_STYLE = Automatic;
				CURRENT_PROJECT_VERSION = 1;
				DEVELOPMENT_TEAM = QF8UV7G7B5;
				GENERATE_INFOPLIST_FILE = YES;
				IPHONEOS_DEPLOYMENT_TARGET = 16.0;
				MARKETING_VERSION = 1.0;
				PRODUCT_BUNDLE_IDENTIFIER = iKhokha.iKhokhaFruitsTests;
				PRODUCT_NAME = "$(TARGET_NAME)";
				SWIFT_EMIT_LOC_STRINGS = NO;
				SWIFT_VERSION = 5.0;
				TARGETED_DEVICE_FAMILY = "1,2";
				TEST_HOST = "$(BUILT_PRODUCTS_DIR)/iKhokhaFruits.app/$(BUNDLE_EXECUTABLE_FOLDER_PATH)/iKhokhaFruits";
			};
			name = Release;
		};
		CEB565D82909A4FE00C47028 /* Debug */ = {
			isa = XCBuildConfiguration;
			baseConfigurationReference = C99D089B99F758D3A9C7EE0E /* Pods-iKhokhaFruits-iKhokhaFruitsUITests.debug.xcconfig */;
			buildSettings = {
				ALWAYS_EMBED_SWIFT_STANDARD_LIBRARIES = YES;
				CODE_SIGN_STYLE = Automatic;
				CURRENT_PROJECT_VERSION = 1;
				DEVELOPMENT_TEAM = QF8UV7G7B5;
				GENERATE_INFOPLIST_FILE = YES;
				MARKETING_VERSION = 1.0;
				PRODUCT_BUNDLE_IDENTIFIER = iKhokha.iKhokhaFruitsUITests;
				PRODUCT_NAME = "$(TARGET_NAME)";
				SWIFT_EMIT_LOC_STRINGS = NO;
				SWIFT_VERSION = 5.0;
				TARGETED_DEVICE_FAMILY = "1,2";
				TEST_TARGET_NAME = iKhokhaFruits;
			};
			name = Debug;
		};
		CEB565D92909A4FE00C47028 /* Release */ = {
			isa = XCBuildConfiguration;
			baseConfigurationReference = 00364957B7AC0EDAA7F259A5 /* Pods-iKhokhaFruits-iKhokhaFruitsUITests.release.xcconfig */;
			buildSettings = {
				ALWAYS_EMBED_SWIFT_STANDARD_LIBRARIES = YES;
				CODE_SIGN_STYLE = Automatic;
				CURRENT_PROJECT_VERSION = 1;
				DEVELOPMENT_TEAM = QF8UV7G7B5;
				GENERATE_INFOPLIST_FILE = YES;
				MARKETING_VERSION = 1.0;
				PRODUCT_BUNDLE_IDENTIFIER = iKhokha.iKhokhaFruitsUITests;
				PRODUCT_NAME = "$(TARGET_NAME)";
				SWIFT_EMIT_LOC_STRINGS = NO;
				SWIFT_VERSION = 5.0;
				TARGETED_DEVICE_FAMILY = "1,2";
				TEST_TARGET_NAME = iKhokhaFruits;
			};
			name = Release;
		};
/* End XCBuildConfiguration section */

/* Begin XCConfigurationList section */
		CEB565A22909A4F800C47028 /* Build configuration list for PBXProject "iKhokhaFruits" */ = {
			isa = XCConfigurationList;
			buildConfigurations = (
				CEB565CF2909A4FE00C47028 /* Debug */,
				CEB565D02909A4FE00C47028 /* Release */,
			);
			defaultConfigurationIsVisible = 0;
			defaultConfigurationName = Release;
		};
		CEB565D12909A4FE00C47028 /* Build configuration list for PBXNativeTarget "iKhokhaFruits" */ = {
			isa = XCConfigurationList;
			buildConfigurations = (
				CEB565D22909A4FE00C47028 /* Debug */,
				CEB565D32909A4FE00C47028 /* Release */,
			);
			defaultConfigurationIsVisible = 0;
			defaultConfigurationName = Release;
		};
		CEB565D42909A4FE00C47028 /* Build configuration list for PBXNativeTarget "iKhokhaFruitsTests" */ = {
			isa = XCConfigurationList;
			buildConfigurations = (
				CEB565D52909A4FE00C47028 /* Debug */,
				CEB565D62909A4FE00C47028 /* Release */,
			);
			defaultConfigurationIsVisible = 0;
			defaultConfigurationName = Release;
		};
		CEB565D72909A4FE00C47028 /* Build configuration list for PBXNativeTarget "iKhokhaFruitsUITests" */ = {
			isa = XCConfigurationList;
			buildConfigurations = (
				CEB565D82909A4FE00C47028 /* Debug */,
				CEB565D92909A4FE00C47028 /* Release */,
			);
			defaultConfigurationIsVisible = 0;
			defaultConfigurationName = Release;
		};
/* End XCConfigurationList section */
	};
	rootObject = CEB5659F2909A4F800C47028 /* Project object */;
}
